
Microsoft Visual Studio Solution File, Format Version 12.00
# Visual Studio 15
VisualStudioVersion = 15.0.27428.2005
MinimumVisualStudioVersion = 10.0.40219.1
Project("{8BC9CEB8-8B4A-11D0-8D11-00A0C91BC942}") = "Code samples C", "Code samples C\Code samples C.vcxproj", "{6A3A05A5-930E-411A-8436-E1705F69266A}"
EndProject
Global
	GlobalSection(SolutionConfigurationPlatforms) = preSolution
		Debug|x64 = Debug|x64
		Debug|x86 = Debug|x86
		Release|x64 = Release|x64
		Release|x86 = Release|x86
	EndGlobalSection
	GlobalSection(ProjectConfigurationPlatforms) = postSolution
		{6A3A05A5-930E-411A-8436-E1705F69266A}.Debug|x64.ActiveCfg = Debug|x64
		{6A3A05A5-930E-411A-8436-E1705F69266A}.Debug|x64.Build.0 = Debug|x64
		{6A3A05A5-930E-411A-8436-E1705F69266A}.Debug|x86.ActiveCfg = Debug|Win32
		{6A3A05A5-930E-411A-8436-E1705F69266A}.Debug|x86.Build.0 = Debug|Win32
		{6A3A05A5-930E-411A-8436-E1705F69266A}.Release|x64.ActiveCfg = Release|x64
		{6A3A05A5-930E-411A-8436-E1705F69266A}.Release|x64.Build.0 = Release|x64
		{6A3A05A5-930E-411A-8436-E1705F69266A}.Release|x86.ActiveCfg = Release|Win32
		{6A3A05A5-930E-411A-8436-E1705F69266A}.Release|x86.Build.0 = Release|Win32
	EndGlobalSection
	GlobalSection(SolutionProperties) = preSolution
		HideSolutionNode = FALSE
	EndGlobalSection
	GlobalSection(ExtensibilityGlobals) = postSolution
		SolutionGuid = {9AD456B5-2B4B-4137-B699-3D95A6DFEA85}
	EndGlobalSection
EndGlobal
